// !$*UTF8*$!
{
	archiveVersion = 1;
	classes = {
	};
	objectVersion = 46;
	objects = {

/* Begin PBXBuildFile section */
		2B786A931C28431D00759334 /* AppDelegate.swift in Sources */ = {isa = PBXBuildFile; fileRef = 2B786A921C28431D00759334 /* AppDelegate.swift */; };
		2B786A951C28431D00759334 /* ViewController.swift in Sources */ = {isa = PBXBuildFile; fileRef = 2B786A941C28431D00759334 /* ViewController.swift */; };
		2B786A981C28431D00759334 /* Main.storyboard in Resources */ = {isa = PBXBuildFile; fileRef = 2B786A961C28431D00759334 /* Main.storyboard */; };
		2B786A9A1C28431D00759334 /* Assets.xcassets in Resources */ = {isa = PBXBuildFile; fileRef = 2B786A991C28431D00759334 /* Assets.xcassets */; };
		2B786A9D1C28431D00759334 /* LaunchScreen.storyboard in Resources */ = {isa = PBXBuildFile; fileRef = 2B786A9B1C28431D00759334 /* LaunchScreen.storyboard */; };
		2B786AA81C28431D00759334 /* AgileTests.swift in Sources */ = {isa = PBXBuildFile; fileRef = 2B786AA71C28431D00759334 /* AgileTests.swift */; };
		2B786AB31C28431D00759334 /* AgileUITests.swift in Sources */ = {isa = PBXBuildFile; fileRef = 2B786AB21C28431D00759334 /* AgileUITests.swift */; };
		2B786AC11C284A7D00759334 /* ToDoTableViewCell.swift in Sources */ = {isa = PBXBuildFile; fileRef = 2B786AC01C284A7D00759334 /* ToDoTableViewCell.swift */; };
/* End PBXBuildFile section */

/* Begin PBXContainerItemProxy section */
		2B786AA41C28431D00759334 /* PBXContainerItemProxy */ = {
			isa = PBXContainerItemProxy;
			containerPortal = 2B786A871C28431C00759334 /* Project object */;
			proxyType = 1;
			remoteGlobalIDString = 2B786A8E1C28431D00759334;
			remoteInfo = Agile;
		};
		2B786AAF1C28431D00759334 /* PBXContainerItemProxy */ = {
			isa = PBXContainerItemProxy;
			containerPortal = 2B786A871C28431C00759334 /* Project object */;
			proxyType = 1;
			remoteGlobalIDString = 2B786A8E1C28431D00759334;
			remoteInfo = Agile;
		};
/* End PBXContainerItemProxy section */

/* Begin PBXFileReference section */
		2B786A8F1C28431D00759334 /* Agile.app */ = {isa = PBXFileReference; explicitFileType = wrapper.application; includeInIndex = 0; path = Agile.app; sourceTree = BUILT_PRODUCTS_DIR; };
		2B786A921C28431D00759334 /* AppDelegate.swift */ = {isa = PBXFileReference; lastKnownFileType = sourcecode.swift; path = AppDelegate.swift; sourceTree = "<group>"; };
		2B786A941C28431D00759334 /* ViewController.swift */ = {isa = PBXFileReference; lastKnownFileType = sourcecode.swift; path = ViewController.swift; sourceTree = "<group>"; };
		2B786A971C28431D00759334 /* Base */ = {isa = PBXFileReference; lastKnownFileType = file.storyboard; name = Base; path = Base.lproj/Main.storyboard; sourceTree = "<group>"; };
		2B786A991C28431D00759334 /* Assets.xcassets */ = {isa = PBXFileReference; lastKnownFileType = folder.assetcatalog; path = Assets.xcassets; sourceTree = "<group>"; };
		2B786A9C1C28431D00759334 /* Base */ = {isa = PBXFileReference; lastKnownFileType = file.storyboard; name = Base; path = Base.lproj/LaunchScreen.storyboard; sourceTree = "<group>"; };
		2B786A9E1C28431D00759334 /* Info.plist */ = {isa = PBXFileReference; lastKnownFileType = text.plist.xml; path = Info.plist; sourceTree = "<group>"; };
		2B786AA31C28431D00759334 /* AgileTests.xctest */ = {isa = PBXFileReference; explicitFileType = wrapper.cfbundle; includeInIndex = 0; path = AgileTests.xctest; sourceTree = BUILT_PRODUCTS_DIR; };
		2B786AA71C28431D00759334 /* AgileTests.swift */ = {isa = PBXFileReference; lastKnownFileType = sourcecode.swift; path = AgileTests.swift; sourceTree = "<group>"; };
		2B786AA91C28431D00759334 /* Info.plist */ = {isa = PBXFileReference; lastKnownFileType = text.plist.xml; path = Info.plist; sourceTree = "<group>"; };
		2B786AAE1C28431D00759334 /* AgileUITests.xctest */ = {isa = PBXFileReference; explicitFileType = wrapper.cfbundle; includeInIndex = 0; path = AgileUITests.xctest; sourceTree = BUILT_PRODUCTS_DIR; };
		2B786AB21C28431D00759334 /* AgileUITests.swift */ = {isa = PBXFileReference; lastKnownFileType = sourcecode.swift; path = AgileUITests.swift; sourceTree = "<group>"; };
		2B786AB41C28431D00759334 /* Info.plist */ = {isa = PBXFileReference; lastKnownFileType = text.plist.xml; path = Info.plist; sourceTree = "<group>"; };
		2B786AC01C284A7D00759334 /* ToDoTableViewCell.swift */ = {isa = PBXFileReference; fileEncoding = 4; lastKnownFileType = sourcecode.swift; path = ToDoTableViewCell.swift; sourceTree = "<group>"; };
/* End PBXFileReference section */

/* Begin PBXFrameworksBuildPhase section */
		2B786A8C1C28431D00759334 /* Frameworks */ = {
			isa = PBXFrameworksBuildPhase;
			buildActionMask = 2147483647;
			files = (
			);
			runOnlyForDeploymentPostprocessing = 0;
		};
		2B786AA01C28431D00759334 /* Frameworks */ = {
			isa = PBXFrameworksBuildPhase;
			buildActionMask = 2147483647;
			files = (
			);
			runOnlyForDeploymentPostprocessing = 0;
		};
		2B786AAB1C28431D00759334 /* Frameworks */ = {
			isa = PBXFrameworksBuildPhase;
			buildActionMask = 2147483647;
			files = (
			);
			runOnlyForDeploymentPostprocessing = 0;
		};
/* End PBXFrameworksBuildPhase section */

/* Begin PBXGroup section */
		2B786A861C28431C00759334 = {
			isa = PBXGroup;
			children = (
				2B786A911C28431D00759334 /* Agile */,
				2B786AA61C28431D00759334 /* AgileTests */,
				2B786AB11C28431D00759334 /* AgileUITests */,
				2B786A901C28431D00759334 /* Products */,
			);
			sourceTree = "<group>";
		};
		2B786A901C28431D00759334 /* Products */ = {
			isa = PBXGroup;
			children = (
				2B786A8F1C28431D00759334 /* Agile.app */,
				2B786AA31C28431D00759334 /* AgileTests.xctest */,
				2B786AAE1C28431D00759334 /* AgileUITests.xctest */,
			);
			name = Products;
			sourceTree = "<group>";
		};
		2B786A911C28431D00759334 /* Agile */ = {
			isa = PBXGroup;
			children = (
				2B786A921C28431D00759334 /* AppDelegate.swift */,
				2B786A941C28431D00759334 /* ViewController.swift */,
				2B786AC01C284A7D00759334 /* ToDoTableViewCell.swift */,
				2B786A961C28431D00759334 /* Main.storyboard */,
				2B786A991C28431D00759334 /* Assets.xcassets */,
				2B786A9B1C28431D00759334 /* LaunchScreen.storyboard */,
				2B786A9E1C28431D00759334 /* Info.plist */,
			);
			path = Agile;
			sourceTree = "<group>";
		};
		2B786AA61C28431D00759334 /* AgileTests */ = {
			isa = PBXGroup;
			children = (
				2B786AA71C28431D00759334 /* AgileTests.swift */,
				2B786AA91C28431D00759334 /* Info.plist */,
			);
			path = AgileTests;
			sourceTree = "<group>";
		};
		2B786AB11C28431D00759334 /* AgileUITests */ = {
			isa = PBXGroup;
			children = (
				2B786AB21C28431D00759334 /* AgileUITests.swift */,
				2B786AB41C28431D00759334 /* Info.plist */,
			);
			path = AgileUITests;
			sourceTree = "<group>";
		};
/* End PBXGroup section */

/* Begin PBXNativeTarget section */
		2B786A8E1C28431D00759334 /* Agile */ = {
			isa = PBXNativeTarget;
			buildConfigurationList = 2B786AB71C28431D00759334 /* Build configuration list for PBXNativeTarget "Agile" */;
			buildPhases = (
				2B786A8B1C28431D00759334 /* Sources */,
				2B786A8C1C28431D00759334 /* Frameworks */,
				2B786A8D1C28431D00759334 /* Resources */,
			);
			buildRules = (
			);
			dependencies = (
			);
			name = Agile;
			productName = Agile;
			productReference = 2B786A8F1C28431D00759334 /* Agile.app */;
			productType = "com.apple.product-type.application";
		};
		2B786AA21C28431D00759334 /* AgileTests */ = {
			isa = PBXNativeTarget;
			buildConfigurationList = 2B786ABA1C28431D00759334 /* Build configuration list for PBXNativeTarget "AgileTests" */;
			buildPhases = (
				2B786A9F1C28431D00759334 /* Sources */,
				2B786AA01C28431D00759334 /* Frameworks */,
				2B786AA11C28431D00759334 /* Resources */,
			);
			buildRules = (
			);
			dependencies = (
				2B786AA51C28431D00759334 /* PBXTargetDependency */,
			);
			name = AgileTests;
			productName = AgileTests;
			productReference = 2B786AA31C28431D00759334 /* AgileTests.xctest */;
			productType = "com.apple.product-type.bundle.unit-test";
		};
		2B786AAD1C28431D00759334 /* AgileUITests */ = {
			isa = PBXNativeTarget;
			buildConfigurationList = 2B786ABD1C28431D00759334 /* Build configuration list for PBXNativeTarget "AgileUITests" */;
			buildPhases = (
				2B786AAA1C28431D00759334 /* Sources */,
				2B786AAB1C28431D00759334 /* Frameworks */,
				2B786AAC1C28431D00759334 /* Resources */,
			);
			buildRules = (
			);
			dependencies = (
				2B786AB01C28431D00759334 /* PBXTargetDependency */,
			);
			name = AgileUITests;
			productName = AgileUITests;
			productReference = 2B786AAE1C28431D00759334 /* AgileUITests.xctest */;
			productType = "com.apple.product-type.bundle.ui-testing";
		};
/* End PBXNativeTarget section */

/* Begin PBXProject section */
		2B786A871C28431C00759334 /* Project object */ = {
			isa = PBXProject;
			attributes = {
				LastSwiftUpdateCheck = 0710;
				LastUpgradeCheck = 0710;
				ORGANIZATIONNAME = KJStudio;
				TargetAttributes = {
					2B786A8E1C28431D00759334 = {
						CreatedOnToolsVersion = 7.1.1;
					};
					2B786AA21C28431D00759334 = {
						CreatedOnToolsVersion = 7.1.1;
						TestTargetID = 2B786A8E1C28431D00759334;
					};
					2B786AAD1C28431D00759334 = {
						CreatedOnToolsVersion = 7.1.1;
						TestTargetID = 2B786A8E1C28431D00759334;
					};
				};
			};
			buildConfigurationList = 2B786A8A1C28431C00759334 /* Build configuration list for PBXProject "Agile" */;
			compatibilityVersion = "Xcode 3.2";
			developmentRegion = English;
			hasScannedForEncodings = 0;
			knownRegions = (
				en,
				Base,
			);
			mainGroup = 2B786A861C28431C00759334;
			productRefGroup = 2B786A901C28431D00759334 /* Products */;
			projectDirPath = "";
			projectRoot = "";
			targets = (
				2B786A8E1C28431D00759334 /* Agile */,
				2B786AA21C28431D00759334 /* AgileTests */,
				2B786AAD1C28431D00759334 /* AgileUITests */,
			);
		};
/* End PBXProject section */

/* Begin PBXResourcesBuildPhase section */
		2B786A8D1C28431D00759334 /* Resources */ = {
			isa = PBXResourcesBuildPhase;
			buildActionMask = 2147483647;
			files = (
				2B786A9D1C28431D00759334 /* LaunchScreen.storyboard in Resources */,
				2B786A9A1C28431D00759334 /* Assets.xcassets in Resources */,
				2B786A981C28431D00759334 /* Main.storyboard in Resources */,
			);
			runOnlyForDeploymentPostprocessing = 0;
		};
		2B786AA11C28431D00759334 /* Resources */ = {
			isa = PBXResourcesBuildPhase;
			buildActionMask = 2147483647;
			files = (
			);
			runOnlyForDeploymentPostprocessing = 0;
		};
		2B786AAC1C28431D00759334 /* Resources */ = {
			isa = PBXResourcesBuildPhase;
			buildActionMask = 2147483647;
			files = (
			);
			runOnlyForDeploymentPostprocessing = 0;
		};
/* End PBXResourcesBuildPhase section */

/* Begin PBXSourcesBuildPhase section */
		2B786A8B1C28431D00759334 /* Sources */ = {
			isa = PBXSourcesBuildPhase;
			buildActionMask = 2147483647;
			files = (
				2B786AC11C284A7D00759334 /* ToDoTableViewCell.swift in Sources */,
				2B786A951C28431D00759334 /* ViewController.swift in Sources */,
				2B786A931C28431D00759334 /* AppDelegate.swift in Sources */,
			);
			runOnlyForDeploymentPostprocessing = 0;
		};
		2B786A9F1C28431D00759334 /* Sources */ = {
			isa = PBXSourcesBuildPhase;
			buildActionMask = 2147483647;
			files = (
				2B786AA81C28431D00759334 /* AgileTests.swift in Sources */,
			);
			runOnlyForDeploymentPostprocessing = 0;
		};
		2B786AAA1C28431D00759334 /* Sources */ = {
			isa = PBXSourcesBuildPhase;
			buildActionMask = 2147483647;
			files = (
				2B786AB31C28431D00759334 /* AgileUITests.swift in Sources */,
			);
			runOnlyForDeploymentPostprocessing = 0;
		};
/* End PBXSourcesBuildPhase section */

/* Begin PBXTargetDependency section */
		2B786AA51C28431D00759334 /* PBXTargetDependency */ = {
			isa = PBXTargetDependency;
			target = 2B786A8E1C28431D00759334 /* Agile */;
			targetProxy = 2B786AA41C28431D00759334 /* PBXContainerItemProxy */;
		};
		2B786AB01C28431D00759334 /* PBXTargetDependency */ = {
			isa = PBXTargetDependency;
			target = 2B786A8E1C28431D00759334 /* Agile */;
			targetProxy = 2B786AAF1C28431D00759334 /* PBXContainerItemProxy */;
		};
/* End PBXTargetDependency section */

/* Begin PBXVariantGroup section */
		2B786A961C28431D00759334 /* Main.storyboard */ = {
			isa = PBXVariantGroup;
			children = (
				2B786A971C28431D00759334 /* Base */,
			);
			name = Main.storyboard;
			sourceTree = "<group>";
		};
		2B786A9B1C28431D00759334 /* LaunchScreen.storyboard */ = {
			isa = PBXVariantGroup;
			children = (
				2B786A9C1C28431D00759334 /* Base */,
			);
			name = LaunchScreen.storyboard;
			sourceTree = "<group>";
		};
/* End PBXVariantGroup section */

/* Begin XCBuildConfiguration section */
		2B786AB51C28431D00759334 /* Debug */ = {
			isa = XCBuildConfiguration;
			buildSettings = {
				ALWAYS_SEARCH_USER_PATHS = NO;
				CLANG_CXX_LANGUAGE_STANDARD = "gnu++0x";
				CLANG_CXX_LIBRARY = "libc++";
				CLANG_ENABLE_MODULES = YES;
				CLANG_ENABLE_OBJC_ARC = YES;
				CLANG_WARN_BOOL_CONVERSION = YES;
				CLANG_WARN_CONSTANT_CONVERSION = YES;
				CLANG_WARN_DIRECT_OBJC_ISA_USAGE = YES_ERROR;
				CLANG_WARN_EMPTY_BODY = YES;
				CLANG_WARN_ENUM_CONVERSION = YES;
				CLANG_WARN_INT_CONVERSION = YES;
				CLANG_WARN_OBJC_ROOT_CLASS = YES_ERROR;
				CLANG_WARN_UNREACHABLE_CODE = YES;
				CLANG_WARN__DUPLICATE_METHOD_MATCH = YES;
				"CODE_SIGN_IDENTITY[sdk=iphoneos*]" = "iPhone Developer";
				COPY_PHASE_STRIP = NO;
				DEBUG_INFORMATION_FORMAT = dwarf;
				ENABLE_STRICT_OBJC_MSGSEND = YES;
				ENABLE_TESTABILITY = YES;
				GCC_C_LANGUAGE_STANDARD = gnu99;
				GCC_DYNAMIC_NO_PIC = NO;
				GCC_NO_COMMON_BLOCKS = YES;
				GCC_OPTIMIZATION_LEVEL = 0;
				GCC_PREPROCESSOR_DEFINITIONS = (
					"DEBUG=1",
					"$(inherited)",
				);
				GCC_WARN_64_TO_32_BIT_CONVERSION = YES;
				GCC_WARN_ABOUT_RETURN_TYPE = YES_ERROR;
				GCC_WARN_UNDECLARED_SELECTOR = YES;
				GCC_WARN_UNINITIALIZED_AUTOS = YES_AGGRESSIVE;
				GCC_WARN_UNUSED_FUNCTION = YES;
				GCC_WARN_UNUSED_VARIABLE = YES;
				IPHONEOS_DEPLOYMENT_TARGET = 9.1;
				MTL_ENABLE_DEBUG_INFO = YES;
				ONLY_ACTIVE_ARCH = YES;
				SDKROOT = iphoneos;
				SWIFT_OPTIMIZATION_LEVEL = "-Onone";
			};
			name = Debug;
		};
		2B786AB61C28431D00759334 /* Release */ = {
			isa = XCBuildConfiguration;
			buildSettings = {
				ALWAYS_SEARCH_USER_PATHS = NO;
				CLANG_CXX_LANGUAGE_STANDARD = "gnu++0x";
				CLANG_CXX_LIBRARY = "libc++";
				CLANG_ENABLE_MODULES = YES;
				CLANG_ENABLE_OBJC_ARC = YES;
				CLANG_WARN_BOOL_CONVERSION = YES;
				CLANG_WARN_CONSTANT_CONVERSION = YES;
				CLANG_WARN_DIRECT_OBJC_ISA_USAGE = YES_ERROR;
				CLANG_WARN_EMPTY_BODY = YES;
				CLANG_WARN_ENUM_CONVERSION = YES;
				CLANG_WARN_INT_CONVERSION = YES;
				CLANG_WARN_OBJC_ROOT_CLASS = YES_ERROR;
				CLANG_WARN_UNREACHABLE_CODE = YES;
				CLANG_WARN__DUPLICATE_METHOD_MATCH = YES;
				"CODE_SIGN_IDENTITY[sdk=iphoneos*]" = "iPhone Developer";
				COPY_PHASE_STRIP = NO;
				DEBUG_INFORMATION_FORMAT = "dwarf-with-dsym";
				ENABLE_NS_ASSERTIONS = NO;
				ENABLE_STRICT_OBJC_MSGSEND = YES;
				GCC_C_LANGUAGE_STANDARD = gnu99;
				GCC_NO_COMMON_BLOCKS = YES;
				GCC_WARN_64_TO_32_BIT_CONVERSION = YES;
				GCC_WARN_ABOUT_RETURN_TYPE = YES_ERROR;
				GCC_WARN_UNDECLARED_SELECTOR = YES;
				GCC_WARN_UNINITIALIZED_AUTOS = YES_AGGRESSIVE;
				GCC_WARN_UNUSED_FUNCTION = YES;
				GCC_WARN_UNUSED_VARIABLE = YES;
				IPHONEOS_DEPLOYMENT_TARGET = 9.1;
				MTL_ENABLE_DEBUG_INFO = NO;
				SDKROOT = iphoneos;
				VALIDATE_PRODUCT = YES;
			};
			name = Release;
		};
		2B786AB81C28431D00759334 /* Debug */ = {
			isa = XCBuildConfiguration;
			buildSettings = {
				ASSETCATALOG_COMPILER_APPICON_NAME = AppIcon;
				INFOPLIST_FILE = Agile/Info.plist;
				IPHONEOS_DEPLOYMENT_TARGET = 8.0;
				LD_RUNPATH_SEARCH_PATHS = "$(inherited) @executable_path/Frameworks";
				PRODUCT_BUNDLE_IDENTIFIER = kr.co.KJStudio.Agile;
				PRODUCT_NAME = "$(TARGET_NAME)";
			};
			name = Debug;
		};
		2B786AB91C28431D00759334 /* Release */ = {
			isa = XCBuildConfiguration;
			buildSettings = {
				ASSETCATALOG_COMPILER_APPICON_NAME = AppIcon;
				INFOPLIST_FILE = Agile/Info.plist;
				IPHONEOS_DEPLOYMENT_TARGET = 8.0;
				LD_RUNPATH_SEARCH_PATHS = "$(inherited) @executable_path/Frameworks";
				PRODUCT_BUNDLE_IDENTIFIER = kr.co.KJStudio.Agile;
				PRODUCT_NAME = "$(TARGET_NAME)";
			};
			name = Release;
		};
		2B786ABB1C28431D00759334 /* Debug */ = {
			isa = XCBuildConfiguration;
			buildSettings = {
				BUNDLE_LOADER = "$(TEST_HOST)";
				INFOPLIST_FILE = AgileTests/Info.plist;
				LD_RUNPATH_SEARCH_PATHS = "$(inherited) @executable_path/Frameworks @loader_path/Frameworks";
				PRODUCT_BUNDLE_IDENTIFIER = kr.co.KJStudio.AgileTests;
				PRODUCT_NAME = "$(TARGET_NAME)";
				TEST_HOST = "$(BUILT_PRODUCTS_DIR)/Agile.app/Agile";
			};
			name = Debug;
		};
		2B786ABC1C28431D00759334 /* Release */ = {
			isa = XCBuildConfiguration;
			buildSettings = {
				BUNDLE_LOADER = "$(TEST_HOST)";
				INFOPLIST_FILE = AgileTests/Info.plist;
				LD_RUNPATH_SEARCH_PATHS = "$(inherited) @executable_path/Frameworks @loader_path/Frameworks";
				PRODUCT_BUNDLE_IDENTIFIER = kr.co.KJStudio.AgileTests;
				PRODUCT_NAME = "$(TARGET_NAME)";
				TEST_HOST = "$(BUILT_PRODUCTS_DIR)/Agile.app/Agile";
			};
			name = Release;
		};
		2B786ABE1C28431D00759334 /* Debug */ = {
			isa = XCBuildConfiguration;
			buildSettings = {
				INFOPLIST_FILE = AgileUITests/Info.plist;
				LD_RUNPATH_SEARCH_PATHS = "$(inherited) @executable_path/Frameworks @loader_path/Frameworks";
				PRODUCT_BUNDLE_IDENTIFIER = kr.co.KJStudio.AgileUITests;
				PRODUCT_NAME = "$(TARGET_NAME)";
				TEST_TARGET_NAME = Agile;
				USES_XCTRUNNER = YES;
			};
			name = Debug;
		};
		2B786ABF1C28431D00759334 /* Release */ = {
			isa = XCBuildConfiguration;
			buildSettings = {
				INFOPLIST_FILE = AgileUITests/Info.plist;
				LD_RUNPATH_SEARCH_PATHS = "$(inherited) @executable_path/Frameworks @loader_path/Frameworks";
				PRODUCT_BUNDLE_IDENTIFIER = kr.co.KJStudio.AgileUITests;
				PRODUCT_NAME = "$(TARGET_NAME)";
				TEST_TARGET_NAME = Agile;
				USES_XCTRUNNER = YES;
			};
			name = Release;
		};
/* End XCBuildConfiguration section */

/* Begin XCConfigurationList section */
		2B786A8A1C28431C00759334 /* Build configuration list for PBXProject "Agile" */ = {
			isa = XCConfigurationList;
			buildConfigurations = (
				2B786AB51C28431D00759334 /* Debug */,
				2B786AB61C28431D00759334 /* Release */,
			);
			defaultConfigurationIsVisible = 0;
			defaultConfigurationName = Release;
		};
		2B786AB71C28431D00759334 /* Build configuration list for PBXNativeTarget "Agile" */ = {
			isa = XCConfigurationList;
			buildConfigurations = (
				2B786AB81C28431D00759334 /* Debug */,
				2B786AB91C28431D00759334 /* Release */,
			);
			defaultConfigurationIsVisible = 0;
		};
		2B786ABA1C28431D00759334 /* Build configuration list for PBXNativeTarget "AgileTests" */ = {
			isa = XCConfigurationList;
			buildConfigurations = (
				2B786ABB1C28431D00759334 /* Debug */,
				2B786ABC1C28431D00759334 /* Release */,
			);
			defaultConfigurationIsVisible = 0;
		};
		2B786ABD1C28431D00759334 /* Build configuration list for PBXNativeTarget "AgileUITests" */ = {
			isa = XCConfigurationList;
			buildConfigurations = (
				2B786ABE1C28431D00759334 /* Debug */,
				2B786ABF1C28431D00759334 /* Release */,
			);
			defaultConfigurationIsVisible = 0;
		};
/* End XCConfigurationList section */
	};
	rootObject = 2B786A871C28431C00759334 /* Project object */;
}
