// !$*UTF8*$!
{
	archiveVersion = 1;
	classes = {
	};
	objectVersion = 46;
	objects = {

/* Begin PBXBuildFile section */
		2B786A931C28431D00759334 /* AppDelegate.swift in Sources */ = {isa = PBXBuildFile; fileRef = 2B786A921C28431D00759334 /* AppDelegate.swift */; };
		2B786A951C28431D00759334 /* ViewController.swift in Sources */ = {isa = PBXBuildFile; fileRef = 2B786A941C28431D00759334 /* ViewController.swift */; };
		2B786A981C28431D00759334 /* Main.storyboard in Resources */ = {isa = PBXBuildFile; fileRef = 2B786A961C28431D00759334 /* Main.storyboard */; };
		2B786A9A1C28431D00759334 /* Assets.xcassets in Resources */ = {isa = PBXBuildFile; fileRef = 2B786A991C28431D00759334 /* Assets.xcassets */; };
		2B786A9D1C28431D00759334 /* LaunchScreen.storyboard in Resources */ = {isa = PBXBuildFile; fileRef = 2B786A9B1C28431D00759334 /* LaunchScreen.storyboard */; };
		2B786AA81C28431D00759334 /* AgileTests.swift in Sources */ = {isa = PBXBuildFile; fileRef = 2B786AA71C28431D00759334 /* AgileTests.swift */; };
		2B786AB31C28431D00759334 /* AgileUITests.swift in Sources */ = {isa = PBXBuildFile; fileRef = 2B786AB21C28431D00759334 /* AgileUITests.swift */; };
		2B786AC11C284A7D00759334 /* ToDoTableViewCell.swift in Sources */ = {isa = PBXBuildFile; fileRef = 2B786AC01C284A7D00759334 /* ToDoTableViewCell.swift */; };
		DF084A131C3810FC003F479B /* TeamSearchViewController.swift in Sources */ = {isa = PBXBuildFile; fileRef = DF084A121C3810FC003F479B /* TeamSearchViewController.swift */; };
		DF0B02761C2FD84D00D61FAB /* LoginViewController.swift in Sources */ = {isa = PBXBuildFile; fileRef = DF0B02751C2FD84D00D61FAB /* LoginViewController.swift */; };
		DF0B02A21C2FDDBD00D61FAB /* NSObject+SBJson.m in Sources */ = {isa = PBXBuildFile; fileRef = DF0B028A1C2FDDBD00D61FAB /* NSObject+SBJson.m */; };
		DF0B02A31C2FDDBD00D61FAB /* SBJsonParser.m in Sources */ = {isa = PBXBuildFile; fileRef = DF0B028D1C2FDDBD00D61FAB /* SBJsonParser.m */; };
		DF0B02A41C2FDDBD00D61FAB /* SBJsonStreamParser.m in Sources */ = {isa = PBXBuildFile; fileRef = DF0B028F1C2FDDBD00D61FAB /* SBJsonStreamParser.m */; };
		DF0B02A51C2FDDBD00D61FAB /* SBJsonStreamParserAccumulator.m in Sources */ = {isa = PBXBuildFile; fileRef = DF0B02911C2FDDBD00D61FAB /* SBJsonStreamParserAccumulator.m */; };
		DF0B02A61C2FDDBD00D61FAB /* SBJsonStreamParserAdapter.m in Sources */ = {isa = PBXBuildFile; fileRef = DF0B02931C2FDDBD00D61FAB /* SBJsonStreamParserAdapter.m */; };
		DF0B02A71C2FDDBD00D61FAB /* SBJsonStreamParserState.m in Sources */ = {isa = PBXBuildFile; fileRef = DF0B02951C2FDDBD00D61FAB /* SBJsonStreamParserState.m */; };
		DF0B02A81C2FDDBD00D61FAB /* SBJsonStreamWriter.m in Sources */ = {isa = PBXBuildFile; fileRef = DF0B02971C2FDDBD00D61FAB /* SBJsonStreamWriter.m */; };
		DF0B02A91C2FDDBD00D61FAB /* SBJsonStreamWriterAccumulator.m in Sources */ = {isa = PBXBuildFile; fileRef = DF0B02991C2FDDBD00D61FAB /* SBJsonStreamWriterAccumulator.m */; };
		DF0B02AA1C2FDDBD00D61FAB /* SBJsonStreamWriterState.m in Sources */ = {isa = PBXBuildFile; fileRef = DF0B029B1C2FDDBD00D61FAB /* SBJsonStreamWriterState.m */; };
		DF0B02AB1C2FDDBD00D61FAB /* SBJsonTokeniser.m in Sources */ = {isa = PBXBuildFile; fileRef = DF0B029D1C2FDDBD00D61FAB /* SBJsonTokeniser.m */; };
		DF0B02AC1C2FDDBD00D61FAB /* SBJsonUTF8Stream.m in Sources */ = {isa = PBXBuildFile; fileRef = DF0B029F1C2FDDBD00D61FAB /* SBJsonUTF8Stream.m */; };
		DF0B02AD1C2FDDBD00D61FAB /* SBJsonWriter.m in Sources */ = {isa = PBXBuildFile; fileRef = DF0B02A11C2FDDBD00D61FAB /* SBJsonWriter.m */; };
		DF0B02C11C2FDDD900D61FAB /* AFHTTPClient.m in Sources */ = {isa = PBXBuildFile; fileRef = DF0B02AF1C2FDDD900D61FAB /* AFHTTPClient.m */; };
		DF0B02C21C2FDDD900D61FAB /* AFHTTPRequestOperation.m in Sources */ = {isa = PBXBuildFile; fileRef = DF0B02B11C2FDDD900D61FAB /* AFHTTPRequestOperation.m */; };
		DF0B02C31C2FDDD900D61FAB /* AFImageRequestOperation.m in Sources */ = {isa = PBXBuildFile; fileRef = DF0B02B31C2FDDD900D61FAB /* AFImageRequestOperation.m */; };
		DF0B02C41C2FDDD900D61FAB /* AFJSONRequestOperation.m in Sources */ = {isa = PBXBuildFile; fileRef = DF0B02B51C2FDDD900D61FAB /* AFJSONRequestOperation.m */; };
		DF0B02C51C2FDDD900D61FAB /* AFNetworkActivityIndicatorManager.m in Sources */ = {isa = PBXBuildFile; fileRef = DF0B02B71C2FDDD900D61FAB /* AFNetworkActivityIndicatorManager.m */; };
		DF0B02C61C2FDDD900D61FAB /* AFPropertyListRequestOperation.m in Sources */ = {isa = PBXBuildFile; fileRef = DF0B02BA1C2FDDD900D61FAB /* AFPropertyListRequestOperation.m */; };
		DF0B02C71C2FDDD900D61FAB /* AFURLConnectionOperation.m in Sources */ = {isa = PBXBuildFile; fileRef = DF0B02BC1C2FDDD900D61FAB /* AFURLConnectionOperation.m */; };
		DF0B02C81C2FDDD900D61FAB /* AFXMLRequestOperation.m in Sources */ = {isa = PBXBuildFile; fileRef = DF0B02BE1C2FDDD900D61FAB /* AFXMLRequestOperation.m */; };
		DF0B02C91C2FDDD900D61FAB /* UIImageView+AFNetworking.m in Sources */ = {isa = PBXBuildFile; fileRef = DF0B02C01C2FDDD900D61FAB /* UIImageView+AFNetworking.m */; };
		DF0B02CC1C2FDEFF00D61FAB /* FBSDKCoreKit.framework in Frameworks */ = {isa = PBXBuildFile; fileRef = DF0B02CA1C2FDEFF00D61FAB /* FBSDKCoreKit.framework */; };
		DF0B02CD1C2FDEFF00D61FAB /* FBSDKLoginKit.framework in Frameworks */ = {isa = PBXBuildFile; fileRef = DF0B02CB1C2FDEFF00D61FAB /* FBSDKLoginKit.framework */; };
		DF0B02CF1C303B5500D61FAB /* FBSDKShareKit.framework in Frameworks */ = {isa = PBXBuildFile; fileRef = DF0B02CE1C303B5500D61FAB /* FBSDKShareKit.framework */; };
		DF0B02D11C3051E900D61FAB /* TeamListViewController.swift in Sources */ = {isa = PBXBuildFile; fileRef = DF0B02D01C3051E900D61FAB /* TeamListViewController.swift */; };
		DF0B02D41C305A3400D61FAB /* ProjectData.swift in Sources */ = {isa = PBXBuildFile; fileRef = DF0B02D31C305A3400D61FAB /* ProjectData.swift */; };
		DF0B02D81C30600900D61FAB /* TaskData.swift in Sources */ = {isa = PBXBuildFile; fileRef = DF0B02D71C30600900D61FAB /* TaskData.swift */; };
		DF0E17991C3D37140085F08F /* AddToDoViewController.swift in Sources */ = {isa = PBXBuildFile; fileRef = DF0E17981C3D37140085F08F /* AddToDoViewController.swift */; };
		DF0E179B1C3D40B60085F08F /* iconal01.png in Resources */ = {isa = PBXBuildFile; fileRef = DF0E179A1C3D40B60085F08F /* iconal01.png */; };
		DF7E2FCE1C392CE80096513B /* facebook_login_image.png in Resources */ = {isa = PBXBuildFile; fileRef = DF7E2FCD1C392CE80096513B /* facebook_login_image.png */; };
		DF7E2FD31C392DC90096513B /* GeneralUtil.swift in Sources */ = {isa = PBXBuildFile; fileRef = DF7E2FD01C392DC90096513B /* GeneralUtil.swift */; };
		DF7E2FD41C392DC90096513B /* ServerUtil.m in Sources */ = {isa = PBXBuildFile; fileRef = DF7E2FD21C392DC90096513B /* ServerUtil.m */; };
		DF7E2FD71C3933D70096513B /* tabbar_icon_p_01.png in Resources */ = {isa = PBXBuildFile; fileRef = DF7E2FD61C3933D70096513B /* tabbar_icon_p_01.png */; };
		DFEFED061C425B4500D41206 /* SWRevealViewController.m in Sources */ = {isa = PBXBuildFile; fileRef = DFEFED051C425B4500D41206 /* SWRevealViewController.m */; };
		DFEFED081C42638300D41206 /* reveal-icon.png in Resources */ = {isa = PBXBuildFile; fileRef = DFEFED071C42638300D41206 /* reveal-icon.png */; };
		DFEFED0A1C42747F00D41206 /* RearViewController.swift in Sources */ = {isa = PBXBuildFile; fileRef = DFEFED091C42747F00D41206 /* RearViewController.swift */; };
		DFF4232C1C2C16CB0013AC29 /* DoingTableViewCell.swift in Sources */ = {isa = PBXBuildFile; fileRef = DFF4232B1C2C16CB0013AC29 /* DoingTableViewCell.swift */; };
		DFF4232E1C2C16D90013AC29 /* DoneTableViewCell.swift in Sources */ = {isa = PBXBuildFile; fileRef = DFF4232D1C2C16D90013AC29 /* DoneTableViewCell.swift */; };
/* End PBXBuildFile section */

/* Begin PBXContainerItemProxy section */
		2B786AA41C28431D00759334 /* PBXContainerItemProxy */ = {
			isa = PBXContainerItemProxy;
			containerPortal = 2B786A871C28431C00759334 /* Project object */;
			proxyType = 1;
			remoteGlobalIDString = 2B786A8E1C28431D00759334;
			remoteInfo = Agile;
		};
		2B786AAF1C28431D00759334 /* PBXContainerItemProxy */ = {
			isa = PBXContainerItemProxy;
			containerPortal = 2B786A871C28431C00759334 /* Project object */;
			proxyType = 1;
			remoteGlobalIDString = 2B786A8E1C28431D00759334;
			remoteInfo = Agile;
		};
/* End PBXContainerItemProxy section */

/* Begin PBXFileReference section */
		2B786A8F1C28431D00759334 /* Agile.app */ = {isa = PBXFileReference; explicitFileType = wrapper.application; includeInIndex = 0; path = Agile.app; sourceTree = BUILT_PRODUCTS_DIR; };
		2B786A921C28431D00759334 /* AppDelegate.swift */ = {isa = PBXFileReference; lastKnownFileType = sourcecode.swift; path = AppDelegate.swift; sourceTree = "<group>"; };
		2B786A941C28431D00759334 /* ViewController.swift */ = {isa = PBXFileReference; lastKnownFileType = sourcecode.swift; path = ViewController.swift; sourceTree = "<group>"; };
		2B786A971C28431D00759334 /* Base */ = {isa = PBXFileReference; lastKnownFileType = file.storyboard; name = Base; path = Base.lproj/Main.storyboard; sourceTree = "<group>"; };
		2B786A991C28431D00759334 /* Assets.xcassets */ = {isa = PBXFileReference; lastKnownFileType = folder.assetcatalog; path = Assets.xcassets; sourceTree = "<group>"; };
		2B786A9C1C28431D00759334 /* Base */ = {isa = PBXFileReference; lastKnownFileType = file.storyboard; name = Base; path = Base.lproj/LaunchScreen.storyboard; sourceTree = "<group>"; };
		2B786A9E1C28431D00759334 /* Info.plist */ = {isa = PBXFileReference; lastKnownFileType = text.plist.xml; path = Info.plist; sourceTree = "<group>"; };
		2B786AA31C28431D00759334 /* AgileTests.xctest */ = {isa = PBXFileReference; explicitFileType = wrapper.cfbundle; includeInIndex = 0; path = AgileTests.xctest; sourceTree = BUILT_PRODUCTS_DIR; };
		2B786AA71C28431D00759334 /* AgileTests.swift */ = {isa = PBXFileReference; lastKnownFileType = sourcecode.swift; path = AgileTests.swift; sourceTree = "<group>"; };
		2B786AA91C28431D00759334 /* Info.plist */ = {isa = PBXFileReference; lastKnownFileType = text.plist.xml; path = Info.plist; sourceTree = "<group>"; };
		2B786AAE1C28431D00759334 /* AgileUITests.xctest */ = {isa = PBXFileReference; explicitFileType = wrapper.cfbundle; includeInIndex = 0; path = AgileUITests.xctest; sourceTree = BUILT_PRODUCTS_DIR; };
		2B786AB21C28431D00759334 /* AgileUITests.swift */ = {isa = PBXFileReference; lastKnownFileType = sourcecode.swift; path = AgileUITests.swift; sourceTree = "<group>"; };
		2B786AB41C28431D00759334 /* Info.plist */ = {isa = PBXFileReference; lastKnownFileType = text.plist.xml; path = Info.plist; sourceTree = "<group>"; };
		2B786AC01C284A7D00759334 /* ToDoTableViewCell.swift */ = {isa = PBXFileReference; fileEncoding = 4; lastKnownFileType = sourcecode.swift; path = ToDoTableViewCell.swift; sourceTree = "<group>"; };
		DF084A121C3810FC003F479B /* TeamSearchViewController.swift */ = {isa = PBXFileReference; fileEncoding = 4; lastKnownFileType = sourcecode.swift; path = TeamSearchViewController.swift; sourceTree = "<group>"; };
		DF0B026B1C2FD5E200D61FAB /* Agile-Bridging-Header.h */ = {isa = PBXFileReference; lastKnownFileType = sourcecode.c.h; path = "Agile-Bridging-Header.h"; sourceTree = "<group>"; };
		DF0B02751C2FD84D00D61FAB /* LoginViewController.swift */ = {isa = PBXFileReference; fileEncoding = 4; lastKnownFileType = sourcecode.swift; path = LoginViewController.swift; sourceTree = "<group>"; };
		DF0B02891C2FDDBD00D61FAB /* NSObject+SBJson.h */ = {isa = PBXFileReference; fileEncoding = 4; lastKnownFileType = sourcecode.c.h; name = "NSObject+SBJson.h"; path = "SBJson/NSObject+SBJson.h"; sourceTree = "<group>"; };
		DF0B028A1C2FDDBD00D61FAB /* NSObject+SBJson.m */ = {isa = PBXFileReference; fileEncoding = 4; lastKnownFileType = sourcecode.c.objc; name = "NSObject+SBJson.m"; path = "SBJson/NSObject+SBJson.m"; sourceTree = "<group>"; };
		DF0B028B1C2FDDBD00D61FAB /* SBJson.h */ = {isa = PBXFileReference; fileEncoding = 4; lastKnownFileType = sourcecode.c.h; name = SBJson.h; path = SBJson/SBJson.h; sourceTree = "<group>"; };
		DF0B028C1C2FDDBD00D61FAB /* SBJsonParser.h */ = {isa = PBXFileReference; fileEncoding = 4; lastKnownFileType = sourcecode.c.h; name = SBJsonParser.h; path = SBJson/SBJsonParser.h; sourceTree = "<group>"; };
		DF0B028D1C2FDDBD00D61FAB /* SBJsonParser.m */ = {isa = PBXFileReference; fileEncoding = 4; lastKnownFileType = sourcecode.c.objc; name = SBJsonParser.m; path = SBJson/SBJsonParser.m; sourceTree = "<group>"; };
		DF0B028E1C2FDDBD00D61FAB /* SBJsonStreamParser.h */ = {isa = PBXFileReference; fileEncoding = 4; lastKnownFileType = sourcecode.c.h; name = SBJsonStreamParser.h; path = SBJson/SBJsonStreamParser.h; sourceTree = "<group>"; };
		DF0B028F1C2FDDBD00D61FAB /* SBJsonStreamParser.m */ = {isa = PBXFileReference; fileEncoding = 4; lastKnownFileType = sourcecode.c.objc; name = SBJsonStreamParser.m; path = SBJson/SBJsonStreamParser.m; sourceTree = "<group>"; };
		DF0B02901C2FDDBD00D61FAB /* SBJsonStreamParserAccumulator.h */ = {isa = PBXFileReference; fileEncoding = 4; lastKnownFileType = sourcecode.c.h; name = SBJsonStreamParserAccumulator.h; path = SBJson/SBJsonStreamParserAccumulator.h; sourceTree = "<group>"; };
		DF0B02911C2FDDBD00D61FAB /* SBJsonStreamParserAccumulator.m */ = {isa = PBXFileReference; fileEncoding = 4; lastKnownFileType = sourcecode.c.objc; name = SBJsonStreamParserAccumulator.m; path = SBJson/SBJsonStreamParserAccumulator.m; sourceTree = "<group>"; };
		DF0B02921C2FDDBD00D61FAB /* SBJsonStreamParserAdapter.h */ = {isa = PBXFileReference; fileEncoding = 4; lastKnownFileType = sourcecode.c.h; name = SBJsonStreamParserAdapter.h; path = SBJson/SBJsonStreamParserAdapter.h; sourceTree = "<group>"; };
		DF0B02931C2FDDBD00D61FAB /* SBJsonStreamParserAdapter.m */ = {isa = PBXFileReference; fileEncoding = 4; lastKnownFileType = sourcecode.c.objc; name = SBJsonStreamParserAdapter.m; path = SBJson/SBJsonStreamParserAdapter.m; sourceTree = "<group>"; };
		DF0B02941C2FDDBD00D61FAB /* SBJsonStreamParserState.h */ = {isa = PBXFileReference; fileEncoding = 4; lastKnownFileType = sourcecode.c.h; name = SBJsonStreamParserState.h; path = SBJson/SBJsonStreamParserState.h; sourceTree = "<group>"; };
		DF0B02951C2FDDBD00D61FAB /* SBJsonStreamParserState.m */ = {isa = PBXFileReference; fileEncoding = 4; lastKnownFileType = sourcecode.c.objc; name = SBJsonStreamParserState.m; path = SBJson/SBJsonStreamParserState.m; sourceTree = "<group>"; };
		DF0B02961C2FDDBD00D61FAB /* SBJsonStreamWriter.h */ = {isa = PBXFileReference; fileEncoding = 4; lastKnownFileType = sourcecode.c.h; name = SBJsonStreamWriter.h; path = SBJson/SBJsonStreamWriter.h; sourceTree = "<group>"; };
		DF0B02971C2FDDBD00D61FAB /* SBJsonStreamWriter.m */ = {isa = PBXFileReference; fileEncoding = 4; lastKnownFileType = sourcecode.c.objc; name = SBJsonStreamWriter.m; path = SBJson/SBJsonStreamWriter.m; sourceTree = "<group>"; };
		DF0B02981C2FDDBD00D61FAB /* SBJsonStreamWriterAccumulator.h */ = {isa = PBXFileReference; fileEncoding = 4; lastKnownFileType = sourcecode.c.h; name = SBJsonStreamWriterAccumulator.h; path = SBJson/SBJsonStreamWriterAccumulator.h; sourceTree = "<group>"; };
		DF0B02991C2FDDBD00D61FAB /* SBJsonStreamWriterAccumulator.m */ = {isa = PBXFileReference; fileEncoding = 4; lastKnownFileType = sourcecode.c.objc; name = SBJsonStreamWriterAccumulator.m; path = SBJson/SBJsonStreamWriterAccumulator.m; sourceTree = "<group>"; };
		DF0B029A1C2FDDBD00D61FAB /* SBJsonStreamWriterState.h */ = {isa = PBXFileReference; fileEncoding = 4; lastKnownFileType = sourcecode.c.h; name = SBJsonStreamWriterState.h; path = SBJson/SBJsonStreamWriterState.h; sourceTree = "<group>"; };
		DF0B029B1C2FDDBD00D61FAB /* SBJsonStreamWriterState.m */ = {isa = PBXFileReference; fileEncoding = 4; lastKnownFileType = sourcecode.c.objc; name = SBJsonStreamWriterState.m; path = SBJson/SBJsonStreamWriterState.m; sourceTree = "<group>"; };
		DF0B029C1C2FDDBD00D61FAB /* SBJsonTokeniser.h */ = {isa = PBXFileReference; fileEncoding = 4; lastKnownFileType = sourcecode.c.h; name = SBJsonTokeniser.h; path = SBJson/SBJsonTokeniser.h; sourceTree = "<group>"; };
		DF0B029D1C2FDDBD00D61FAB /* SBJsonTokeniser.m */ = {isa = PBXFileReference; fileEncoding = 4; lastKnownFileType = sourcecode.c.objc; name = SBJsonTokeniser.m; path = SBJson/SBJsonTokeniser.m; sourceTree = "<group>"; };
		DF0B029E1C2FDDBD00D61FAB /* SBJsonUTF8Stream.h */ = {isa = PBXFileReference; fileEncoding = 4; lastKnownFileType = sourcecode.c.h; name = SBJsonUTF8Stream.h; path = SBJson/SBJsonUTF8Stream.h; sourceTree = "<group>"; };
		DF0B029F1C2FDDBD00D61FAB /* SBJsonUTF8Stream.m */ = {isa = PBXFileReference; fileEncoding = 4; lastKnownFileType = sourcecode.c.objc; name = SBJsonUTF8Stream.m; path = SBJson/SBJsonUTF8Stream.m; sourceTree = "<group>"; };
		DF0B02A01C2FDDBD00D61FAB /* SBJsonWriter.h */ = {isa = PBXFileReference; fileEncoding = 4; lastKnownFileType = sourcecode.c.h; name = SBJsonWriter.h; path = SBJson/SBJsonWriter.h; sourceTree = "<group>"; };
		DF0B02A11C2FDDBD00D61FAB /* SBJsonWriter.m */ = {isa = PBXFileReference; fileEncoding = 4; lastKnownFileType = sourcecode.c.objc; name = SBJsonWriter.m; path = SBJson/SBJsonWriter.m; sourceTree = "<group>"; };
		DF0B02AE1C2FDDD900D61FAB /* AFHTTPClient.h */ = {isa = PBXFileReference; fileEncoding = 4; lastKnownFileType = sourcecode.c.h; name = AFHTTPClient.h; path = AFNetworking/AFHTTPClient.h; sourceTree = "<group>"; };
		DF0B02AF1C2FDDD900D61FAB /* AFHTTPClient.m */ = {isa = PBXFileReference; fileEncoding = 4; lastKnownFileType = sourcecode.c.objc; name = AFHTTPClient.m; path = AFNetworking/AFHTTPClient.m; sourceTree = "<group>"; };
		DF0B02B01C2FDDD900D61FAB /* AFHTTPRequestOperation.h */ = {isa = PBXFileReference; fileEncoding = 4; lastKnownFileType = sourcecode.c.h; name = AFHTTPRequestOperation.h; path = AFNetworking/AFHTTPRequestOperation.h; sourceTree = "<group>"; };
		DF0B02B11C2FDDD900D61FAB /* AFHTTPRequestOperation.m */ = {isa = PBXFileReference; fileEncoding = 4; lastKnownFileType = sourcecode.c.objc; name = AFHTTPRequestOperation.m; path = AFNetworking/AFHTTPRequestOperation.m; sourceTree = "<group>"; };
		DF0B02B21C2FDDD900D61FAB /* AFImageRequestOperation.h */ = {isa = PBXFileReference; fileEncoding = 4; lastKnownFileType = sourcecode.c.h; name = AFImageRequestOperation.h; path = AFNetworking/AFImageRequestOperation.h; sourceTree = "<group>"; };
		DF0B02B31C2FDDD900D61FAB /* AFImageRequestOperation.m */ = {isa = PBXFileReference; fileEncoding = 4; lastKnownFileType = sourcecode.c.objc; name = AFImageRequestOperation.m; path = AFNetworking/AFImageRequestOperation.m; sourceTree = "<group>"; };
		DF0B02B41C2FDDD900D61FAB /* AFJSONRequestOperation.h */ = {isa = PBXFileReference; fileEncoding = 4; lastKnownFileType = sourcecode.c.h; name = AFJSONRequestOperation.h; path = AFNetworking/AFJSONRequestOperation.h; sourceTree = "<group>"; };
		DF0B02B51C2FDDD900D61FAB /* AFJSONRequestOperation.m */ = {isa = PBXFileReference; fileEncoding = 4; lastKnownFileType = sourcecode.c.objc; name = AFJSONRequestOperation.m; path = AFNetworking/AFJSONRequestOperation.m; sourceTree = "<group>"; };
		DF0B02B61C2FDDD900D61FAB /* AFNetworkActivityIndicatorManager.h */ = {isa = PBXFileReference; fileEncoding = 4; lastKnownFileType = sourcecode.c.h; name = AFNetworkActivityIndicatorManager.h; path = AFNetworking/AFNetworkActivityIndicatorManager.h; sourceTree = "<group>"; };
		DF0B02B71C2FDDD900D61FAB /* AFNetworkActivityIndicatorManager.m */ = {isa = PBXFileReference; fileEncoding = 4; lastKnownFileType = sourcecode.c.objc; name = AFNetworkActivityIndicatorManager.m; path = AFNetworking/AFNetworkActivityIndicatorManager.m; sourceTree = "<group>"; };
		DF0B02B81C2FDDD900D61FAB /* AFNetworking.h */ = {isa = PBXFileReference; fileEncoding = 4; lastKnownFileType = sourcecode.c.h; name = AFNetworking.h; path = AFNetworking/AFNetworking.h; sourceTree = "<group>"; };
		DF0B02B91C2FDDD900D61FAB /* AFPropertyListRequestOperation.h */ = {isa = PBXFileReference; fileEncoding = 4; lastKnownFileType = sourcecode.c.h; name = AFPropertyListRequestOperation.h; path = AFNetworking/AFPropertyListRequestOperation.h; sourceTree = "<group>"; };
		DF0B02BA1C2FDDD900D61FAB /* AFPropertyListRequestOperation.m */ = {isa = PBXFileReference; fileEncoding = 4; lastKnownFileType = sourcecode.c.objc; name = AFPropertyListRequestOperation.m; path = AFNetworking/AFPropertyListRequestOperation.m; sourceTree = "<group>"; };
		DF0B02BB1C2FDDD900D61FAB /* AFURLConnectionOperation.h */ = {isa = PBXFileReference; fileEncoding = 4; lastKnownFileType = sourcecode.c.h; name = AFURLConnectionOperation.h; path = AFNetworking/AFURLConnectionOperation.h; sourceTree = "<group>"; };
		DF0B02BC1C2FDDD900D61FAB /* AFURLConnectionOperation.m */ = {isa = PBXFileReference; fileEncoding = 4; lastKnownFileType = sourcecode.c.objc; name = AFURLConnectionOperation.m; path = AFNetworking/AFURLConnectionOperation.m; sourceTree = "<group>"; };
		DF0B02BD1C2FDDD900D61FAB /* AFXMLRequestOperation.h */ = {isa = PBXFileReference; fileEncoding = 4; lastKnownFileType = sourcecode.c.h; name = AFXMLRequestOperation.h; path = AFNetworking/AFXMLRequestOperation.h; sourceTree = "<group>"; };
		DF0B02BE1C2FDDD900D61FAB /* AFXMLRequestOperation.m */ = {isa = PBXFileReference; fileEncoding = 4; lastKnownFileType = sourcecode.c.objc; name = AFXMLRequestOperation.m; path = AFNetworking/AFXMLRequestOperation.m; sourceTree = "<group>"; };
		DF0B02BF1C2FDDD900D61FAB /* UIImageView+AFNetworking.h */ = {isa = PBXFileReference; fileEncoding = 4; lastKnownFileType = sourcecode.c.h; name = "UIImageView+AFNetworking.h"; path = "AFNetworking/UIImageView+AFNetworking.h"; sourceTree = "<group>"; };
		DF0B02C01C2FDDD900D61FAB /* UIImageView+AFNetworking.m */ = {isa = PBXFileReference; fileEncoding = 4; lastKnownFileType = sourcecode.c.objc; name = "UIImageView+AFNetworking.m"; path = "AFNetworking/UIImageView+AFNetworking.m"; sourceTree = "<group>"; };
		DF0B02CA1C2FDEFF00D61FAB /* FBSDKCoreKit.framework */ = {isa = PBXFileReference; lastKnownFileType = wrapper.framework; path = FBSDKCoreKit.framework; sourceTree = "<group>"; };
		DF0B02CB1C2FDEFF00D61FAB /* FBSDKLoginKit.framework */ = {isa = PBXFileReference; lastKnownFileType = wrapper.framework; path = FBSDKLoginKit.framework; sourceTree = "<group>"; };
		DF0B02CE1C303B5500D61FAB /* FBSDKShareKit.framework */ = {isa = PBXFileReference; lastKnownFileType = wrapper.framework; path = FBSDKShareKit.framework; sourceTree = "<group>"; };
		DF0B02D01C3051E900D61FAB /* TeamListViewController.swift */ = {isa = PBXFileReference; fileEncoding = 4; lastKnownFileType = sourcecode.swift; path = TeamListViewController.swift; sourceTree = "<group>"; };
		DF0B02D31C305A3400D61FAB /* ProjectData.swift */ = {isa = PBXFileReference; fileEncoding = 4; lastKnownFileType = sourcecode.swift; path = ProjectData.swift; sourceTree = "<group>"; };
		DF0B02D71C30600900D61FAB /* TaskData.swift */ = {isa = PBXFileReference; fileEncoding = 4; lastKnownFileType = sourcecode.swift; path = TaskData.swift; sourceTree = "<group>"; };
		DF0E17981C3D37140085F08F /* AddToDoViewController.swift */ = {isa = PBXFileReference; fileEncoding = 4; lastKnownFileType = sourcecode.swift; path = AddToDoViewController.swift; sourceTree = "<group>"; };
		DF0E179A1C3D40B60085F08F /* iconal01.png */ = {isa = PBXFileReference; lastKnownFileType = image.png; path = iconal01.png; sourceTree = "<group>"; };
		DF7E2FCD1C392CE80096513B /* facebook_login_image.png */ = {isa = PBXFileReference; lastKnownFileType = image.png; path = facebook_login_image.png; sourceTree = "<group>"; };
		DF7E2FD01C392DC90096513B /* GeneralUtil.swift */ = {isa = PBXFileReference; fileEncoding = 4; lastKnownFileType = sourcecode.swift; path = GeneralUtil.swift; sourceTree = "<group>"; };
		DF7E2FD11C392DC90096513B /* ServerUtil.h */ = {isa = PBXFileReference; fileEncoding = 4; lastKnownFileType = sourcecode.c.h; path = ServerUtil.h; sourceTree = "<group>"; };
		DF7E2FD21C392DC90096513B /* ServerUtil.m */ = {isa = PBXFileReference; fileEncoding = 4; lastKnownFileType = sourcecode.c.objc; path = ServerUtil.m; sourceTree = "<group>"; };
		DF7E2FD61C3933D70096513B /* tabbar_icon_p_01.png */ = {isa = PBXFileReference; lastKnownFileType = image.png; path = tabbar_icon_p_01.png; sourceTree = "<group>"; };
		DFEFED041C425B4500D41206 /* SWRevealViewController.h */ = {isa = PBXFileReference; fileEncoding = 4; lastKnownFileType = sourcecode.c.h; path = SWRevealViewController.h; sourceTree = "<group>"; };
		DFEFED051C425B4500D41206 /* SWRevealViewController.m */ = {isa = PBXFileReference; fileEncoding = 4; lastKnownFileType = sourcecode.c.objc; path = SWRevealViewController.m; sourceTree = "<group>"; };
		DFEFED071C42638300D41206 /* reveal-icon.png */ = {isa = PBXFileReference; lastKnownFileType = image.png; path = "reveal-icon.png"; sourceTree = "<group>"; };
		DFEFED091C42747F00D41206 /* RearViewController.swift */ = {isa = PBXFileReference; fileEncoding = 4; lastKnownFileType = sourcecode.swift; path = RearViewController.swift; sourceTree = "<group>"; };
		DFF4232B1C2C16CB0013AC29 /* DoingTableViewCell.swift */ = {isa = PBXFileReference; fileEncoding = 4; lastKnownFileType = sourcecode.swift; path = DoingTableViewCell.swift; sourceTree = "<group>"; };
		DFF4232D1C2C16D90013AC29 /* DoneTableViewCell.swift */ = {isa = PBXFileReference; fileEncoding = 4; lastKnownFileType = sourcecode.swift; path = DoneTableViewCell.swift; sourceTree = "<group>"; };
/* End PBXFileReference section */

/* Begin PBXFrameworksBuildPhase section */
		2B786A8C1C28431D00759334 /* Frameworks */ = {
			isa = PBXFrameworksBuildPhase;
			buildActionMask = 2147483647;
			files = (
				DF0B02CF1C303B5500D61FAB /* FBSDKShareKit.framework in Frameworks */,
				DF0B02CC1C2FDEFF00D61FAB /* FBSDKCoreKit.framework in Frameworks */,
				DF0B02CD1C2FDEFF00D61FAB /* FBSDKLoginKit.framework in Frameworks */,
			);
			runOnlyForDeploymentPostprocessing = 0;
		};
		2B786AA01C28431D00759334 /* Frameworks */ = {
			isa = PBXFrameworksBuildPhase;
			buildActionMask = 2147483647;
			files = (
			);
			runOnlyForDeploymentPostprocessing = 0;
		};
		2B786AAB1C28431D00759334 /* Frameworks */ = {
			isa = PBXFrameworksBuildPhase;
			buildActionMask = 2147483647;
			files = (
			);
			runOnlyForDeploymentPostprocessing = 0;
		};
/* End PBXFrameworksBuildPhase section */

/* Begin PBXGroup section */
		2B786A861C28431C00759334 = {
			isa = PBXGroup;
			children = (
				2B786A911C28431D00759334 /* Agile */,
				2B786AA61C28431D00759334 /* AgileTests */,
				2B786AB11C28431D00759334 /* AgileUITests */,
				2B786A901C28431D00759334 /* Products */,
			);
			sourceTree = "<group>";
		};
		2B786A901C28431D00759334 /* Products */ = {
			isa = PBXGroup;
			children = (
				2B786A8F1C28431D00759334 /* Agile.app */,
				2B786AA31C28431D00759334 /* AgileTests.xctest */,
				2B786AAE1C28431D00759334 /* AgileUITests.xctest */,
			);
			name = Products;
			sourceTree = "<group>";
		};
		2B786A911C28431D00759334 /* Agile */ = {
			isa = PBXGroup;
			children = (
				DF7E2FD51C3933930096513B /* image */,
				DF7E2FCF1C392D800096513B /* Utillity */,
				DF0B02D21C305A1400D61FAB /* DataClass */,
				DF0B02811C2FDC0900D61FAB /* Frameworks */,
				DF0B027F1C2FDBEF00D61FAB /* Libraries */,
				DFF4232A1C2C16990013AC29 /* TableViewCells */,
				DFF423291C2C168F0013AC29 /* ViewControllers */,
				2B786A921C28431D00759334 /* AppDelegate.swift */,
				2B786A961C28431D00759334 /* Main.storyboard */,
				2B786A991C28431D00759334 /* Assets.xcassets */,
				2B786A9B1C28431D00759334 /* LaunchScreen.storyboard */,
				2B786A9E1C28431D00759334 /* Info.plist */,
				DF0B026B1C2FD5E200D61FAB /* Agile-Bridging-Header.h */,
			);
			path = Agile;
			sourceTree = "<group>";
		};
		2B786AA61C28431D00759334 /* AgileTests */ = {
			isa = PBXGroup;
			children = (
				2B786AA71C28431D00759334 /* AgileTests.swift */,
				2B786AA91C28431D00759334 /* Info.plist */,
			);
			path = AgileTests;
			sourceTree = "<group>";
		};
		2B786AB11C28431D00759334 /* AgileUITests */ = {
			isa = PBXGroup;
			children = (
				2B786AB21C28431D00759334 /* AgileUITests.swift */,
				2B786AB41C28431D00759334 /* Info.plist */,
			);
			path = AgileUITests;
			sourceTree = "<group>";
		};
		DF0B027F1C2FDBEF00D61FAB /* Libraries */ = {
			isa = PBXGroup;
			children = (
				DFEFED031C425B0F00D41206 /* SWRevealView */,
				DF0B02881C2FDD5300D61FAB /* SBJson */,
				DF0B02861C2FDD2A00D61FAB /* AFNetworking */,
			);
			name = Libraries;
			sourceTree = "<group>";
		};
		DF0B02811C2FDC0900D61FAB /* Frameworks */ = {
			isa = PBXGroup;
			children = (
				DF0B02CE1C303B5500D61FAB /* FBSDKShareKit.framework */,
				DF0B02CA1C2FDEFF00D61FAB /* FBSDKCoreKit.framework */,
				DF0B02CB1C2FDEFF00D61FAB /* FBSDKLoginKit.framework */,
			);
			name = Frameworks;
			sourceTree = "<group>";
		};
		DF0B02861C2FDD2A00D61FAB /* AFNetworking */ = {
			isa = PBXGroup;
			children = (
				DF0B02AE1C2FDDD900D61FAB /* AFHTTPClient.h */,
				DF0B02AF1C2FDDD900D61FAB /* AFHTTPClient.m */,
				DF0B02B01C2FDDD900D61FAB /* AFHTTPRequestOperation.h */,
				DF0B02B11C2FDDD900D61FAB /* AFHTTPRequestOperation.m */,
				DF0B02B21C2FDDD900D61FAB /* AFImageRequestOperation.h */,
				DF0B02B31C2FDDD900D61FAB /* AFImageRequestOperation.m */,
				DF0B02B41C2FDDD900D61FAB /* AFJSONRequestOperation.h */,
				DF0B02B51C2FDDD900D61FAB /* AFJSONRequestOperation.m */,
				DF0B02B61C2FDDD900D61FAB /* AFNetworkActivityIndicatorManager.h */,
				DF0B02B71C2FDDD900D61FAB /* AFNetworkActivityIndicatorManager.m */,
				DF0B02B81C2FDDD900D61FAB /* AFNetworking.h */,
				DF0B02B91C2FDDD900D61FAB /* AFPropertyListRequestOperation.h */,
				DF0B02BA1C2FDDD900D61FAB /* AFPropertyListRequestOperation.m */,
				DF0B02BB1C2FDDD900D61FAB /* AFURLConnectionOperation.h */,
				DF0B02BC1C2FDDD900D61FAB /* AFURLConnectionOperation.m */,
				DF0B02BD1C2FDDD900D61FAB /* AFXMLRequestOperation.h */,
				DF0B02BE1C2FDDD900D61FAB /* AFXMLRequestOperation.m */,
				DF0B02BF1C2FDDD900D61FAB /* UIImageView+AFNetworking.h */,
				DF0B02C01C2FDDD900D61FAB /* UIImageView+AFNetworking.m */,
			);
			name = AFNetworking;
			sourceTree = "<group>";
		};
		DF0B02881C2FDD5300D61FAB /* SBJson */ = {
			isa = PBXGroup;
			children = (
				DF0B02891C2FDDBD00D61FAB /* NSObject+SBJson.h */,
				DF0B028A1C2FDDBD00D61FAB /* NSObject+SBJson.m */,
				DF0B028B1C2FDDBD00D61FAB /* SBJson.h */,
				DF0B028C1C2FDDBD00D61FAB /* SBJsonParser.h */,
				DF0B028D1C2FDDBD00D61FAB /* SBJsonParser.m */,
				DF0B028E1C2FDDBD00D61FAB /* SBJsonStreamParser.h */,
				DF0B028F1C2FDDBD00D61FAB /* SBJsonStreamParser.m */,
				DF0B02901C2FDDBD00D61FAB /* SBJsonStreamParserAccumulator.h */,
				DF0B02911C2FDDBD00D61FAB /* SBJsonStreamParserAccumulator.m */,
				DF0B02921C2FDDBD00D61FAB /* SBJsonStreamParserAdapter.h */,
				DF0B02931C2FDDBD00D61FAB /* SBJsonStreamParserAdapter.m */,
				DF0B02941C2FDDBD00D61FAB /* SBJsonStreamParserState.h */,
				DF0B02951C2FDDBD00D61FAB /* SBJsonStreamParserState.m */,
				DF0B02961C2FDDBD00D61FAB /* SBJsonStreamWriter.h */,
				DF0B02971C2FDDBD00D61FAB /* SBJsonStreamWriter.m */,
				DF0B02981C2FDDBD00D61FAB /* SBJsonStreamWriterAccumulator.h */,
				DF0B02991C2FDDBD00D61FAB /* SBJsonStreamWriterAccumulator.m */,
				DF0B029A1C2FDDBD00D61FAB /* SBJsonStreamWriterState.h */,
				DF0B029B1C2FDDBD00D61FAB /* SBJsonStreamWriterState.m */,
				DF0B029C1C2FDDBD00D61FAB /* SBJsonTokeniser.h */,
				DF0B029D1C2FDDBD00D61FAB /* SBJsonTokeniser.m */,
				DF0B029E1C2FDDBD00D61FAB /* SBJsonUTF8Stream.h */,
				DF0B029F1C2FDDBD00D61FAB /* SBJsonUTF8Stream.m */,
				DF0B02A01C2FDDBD00D61FAB /* SBJsonWriter.h */,
				DF0B02A11C2FDDBD00D61FAB /* SBJsonWriter.m */,
			);
			name = SBJson;
			sourceTree = "<group>";
		};
		DF0B02D21C305A1400D61FAB /* DataClass */ = {
			isa = PBXGroup;
			children = (
				DF0B02D31C305A3400D61FAB /* ProjectData.swift */,
				DF0B02D71C30600900D61FAB /* TaskData.swift */,
			);
			name = DataClass;
			sourceTree = "<group>";
		};
		DF7E2FCF1C392D800096513B /* Utillity */ = {
			isa = PBXGroup;
			children = (
				DF7E2FD01C392DC90096513B /* GeneralUtil.swift */,
				DF7E2FD11C392DC90096513B /* ServerUtil.h */,
				DF7E2FD21C392DC90096513B /* ServerUtil.m */,
			);
			name = Utillity;
			sourceTree = "<group>";
		};
		DF7E2FD51C3933930096513B /* image */ = {
			isa = PBXGroup;
			children = (
				DFEFED071C42638300D41206 /* reveal-icon.png */,
				DF0E179A1C3D40B60085F08F /* iconal01.png */,
				DF7E2FD61C3933D70096513B /* tabbar_icon_p_01.png */,
				DF7E2FCD1C392CE80096513B /* facebook_login_image.png */,
			);
			name = image;
			sourceTree = "<group>";
		};
		DFEFED031C425B0F00D41206 /* SWRevealView */ = {
			isa = PBXGroup;
			children = (
				DFEFED041C425B4500D41206 /* SWRevealViewController.h */,
				DFEFED051C425B4500D41206 /* SWRevealViewController.m */,
			);
			name = SWRevealView;
			sourceTree = "<group>";
		};
		DFF423291C2C168F0013AC29 /* ViewControllers */ = {
			isa = PBXGroup;
			children = (
				2B786A941C28431D00759334 /* ViewController.swift */,
				DF0B02751C2FD84D00D61FAB /* LoginViewController.swift */,
				DF0B02D01C3051E900D61FAB /* TeamListViewController.swift */,
				DF084A121C3810FC003F479B /* TeamSearchViewController.swift */,
				DF0E17981C3D37140085F08F /* AddToDoViewController.swift */,
				DFEFED091C42747F00D41206 /* RearViewController.swift */,
			);
			name = ViewControllers;
			sourceTree = "<group>";
		};
		DFF4232A1C2C16990013AC29 /* TableViewCells */ = {
			isa = PBXGroup;
			children = (
				2B786AC01C284A7D00759334 /* ToDoTableViewCell.swift */,
				DFF4232B1C2C16CB0013AC29 /* DoingTableViewCell.swift */,
				DFF4232D1C2C16D90013AC29 /* DoneTableViewCell.swift */,
			);
			name = TableViewCells;
			sourceTree = "<group>";
		};
/* End PBXGroup section */

/* Begin PBXNativeTarget section */
		2B786A8E1C28431D00759334 /* Agile */ = {
			isa = PBXNativeTarget;
			buildConfigurationList = 2B786AB71C28431D00759334 /* Build configuration list for PBXNativeTarget "Agile" */;
			buildPhases = (
				2B786A8B1C28431D00759334 /* Sources */,
				2B786A8C1C28431D00759334 /* Frameworks */,
				2B786A8D1C28431D00759334 /* Resources */,
			);
			buildRules = (
			);
			dependencies = (
			);
			name = Agile;
			productName = Agile;
			productReference = 2B786A8F1C28431D00759334 /* Agile.app */;
			productType = "com.apple.product-type.application";
		};
		2B786AA21C28431D00759334 /* AgileTests */ = {
			isa = PBXNativeTarget;
			buildConfigurationList = 2B786ABA1C28431D00759334 /* Build configuration list for PBXNativeTarget "AgileTests" */;
			buildPhases = (
				2B786A9F1C28431D00759334 /* Sources */,
				2B786AA01C28431D00759334 /* Frameworks */,
				2B786AA11C28431D00759334 /* Resources */,
			);
			buildRules = (
			);
			dependencies = (
				2B786AA51C28431D00759334 /* PBXTargetDependency */,
			);
			name = AgileTests;
			productName = AgileTests;
			productReference = 2B786AA31C28431D00759334 /* AgileTests.xctest */;
			productType = "com.apple.product-type.bundle.unit-test";
		};
		2B786AAD1C28431D00759334 /* AgileUITests */ = {
			isa = PBXNativeTarget;
			buildConfigurationList = 2B786ABD1C28431D00759334 /* Build configuration list for PBXNativeTarget "AgileUITests" */;
			buildPhases = (
				2B786AAA1C28431D00759334 /* Sources */,
				2B786AAB1C28431D00759334 /* Frameworks */,
				2B786AAC1C28431D00759334 /* Resources */,
			);
			buildRules = (
			);
			dependencies = (
				2B786AB01C28431D00759334 /* PBXTargetDependency */,
			);
			name = AgileUITests;
			productName = AgileUITests;
			productReference = 2B786AAE1C28431D00759334 /* AgileUITests.xctest */;
			productType = "com.apple.product-type.bundle.ui-testing";
		};
/* End PBXNativeTarget section */

/* Begin PBXProject section */
		2B786A871C28431C00759334 /* Project object */ = {
			isa = PBXProject;
			attributes = {
				LastSwiftUpdateCheck = 0720;
				LastUpgradeCheck = 0710;
				ORGANIZATIONNAME = KJStudio;
				TargetAttributes = {
					2B786A8E1C28431D00759334 = {
						CreatedOnToolsVersion = 7.1.1;
					};
					2B786AA21C28431D00759334 = {
						CreatedOnToolsVersion = 7.1.1;
						TestTargetID = 2B786A8E1C28431D00759334;
					};
					2B786AAD1C28431D00759334 = {
						CreatedOnToolsVersion = 7.1.1;
						TestTargetID = 2B786A8E1C28431D00759334;
					};
				};
			};
			buildConfigurationList = 2B786A8A1C28431C00759334 /* Build configuration list for PBXProject "Agile" */;
			compatibilityVersion = "Xcode 3.2";
			developmentRegion = English;
			hasScannedForEncodings = 0;
			knownRegions = (
				en,
				Base,
			);
			mainGroup = 2B786A861C28431C00759334;
			productRefGroup = 2B786A901C28431D00759334 /* Products */;
			projectDirPath = "";
			projectRoot = "";
			targets = (
				2B786A8E1C28431D00759334 /* Agile */,
				2B786AA21C28431D00759334 /* AgileTests */,
				2B786AAD1C28431D00759334 /* AgileUITests */,
			);
		};
/* End PBXProject section */

/* Begin PBXResourcesBuildPhase section */
		2B786A8D1C28431D00759334 /* Resources */ = {
			isa = PBXResourcesBuildPhase;
			buildActionMask = 2147483647;
			files = (
				2B786A9D1C28431D00759334 /* LaunchScreen.storyboard in Resources */,
				2B786A9A1C28431D00759334 /* Assets.xcassets in Resources */,
				2B786A981C28431D00759334 /* Main.storyboard in Resources */,
				DF7E2FCE1C392CE80096513B /* facebook_login_image.png in Resources */,
				DF0E179B1C3D40B60085F08F /* iconal01.png in Resources */,
				DFEFED081C42638300D41206 /* reveal-icon.png in Resources */,
				DF7E2FD71C3933D70096513B /* tabbar_icon_p_01.png in Resources */,
			);
			runOnlyForDeploymentPostprocessing = 0;
		};
		2B786AA11C28431D00759334 /* Resources */ = {
			isa = PBXResourcesBuildPhase;
			buildActionMask = 2147483647;
			files = (
			);
			runOnlyForDeploymentPostprocessing = 0;
		};
		2B786AAC1C28431D00759334 /* Resources */ = {
			isa = PBXResourcesBuildPhase;
			buildActionMask = 2147483647;
			files = (
			);
			runOnlyForDeploymentPostprocessing = 0;
		};
/* End PBXResourcesBuildPhase section */

/* Begin PBXSourcesBuildPhase section */
		2B786A8B1C28431D00759334 /* Sources */ = {
			isa = PBXSourcesBuildPhase;
			buildActionMask = 2147483647;
			files = (
				DF0B02AA1C2FDDBD00D61FAB /* SBJsonStreamWriterState.m in Sources */,
				DF0B02AD1C2FDDBD00D61FAB /* SBJsonWriter.m in Sources */,
				2B786AC11C284A7D00759334 /* ToDoTableViewCell.swift in Sources */,
				2B786A951C28431D00759334 /* ViewController.swift in Sources */,
				DF0B02C71C2FDDD900D61FAB /* AFURLConnectionOperation.m in Sources */,
				DF0B02A91C2FDDBD00D61FAB /* SBJsonStreamWriterAccumulator.m in Sources */,
				DF0B02C91C2FDDD900D61FAB /* UIImageView+AFNetworking.m in Sources */,
				DFEFED061C425B4500D41206 /* SWRevealViewController.m in Sources */,
				DF0B02C11C2FDDD900D61FAB /* AFHTTPClient.m in Sources */,
				DF7E2FD31C392DC90096513B /* GeneralUtil.swift in Sources */,
				DF0B02A51C2FDDBD00D61FAB /* SBJsonStreamParserAccumulator.m in Sources */,
				DF0B02A31C2FDDBD00D61FAB /* SBJsonParser.m in Sources */,
				DFEFED0A1C42747F00D41206 /* RearViewController.swift in Sources */,
				DF0B02C21C2FDDD900D61FAB /* AFHTTPRequestOperation.m in Sources */,
				DF0E17991C3D37140085F08F /* AddToDoViewController.swift in Sources */,
				DF0B02761C2FD84D00D61FAB /* LoginViewController.swift in Sources */,
				DF0B02C61C2FDDD900D61FAB /* AFPropertyListRequestOperation.m in Sources */,
				DF0B02C31C2FDDD900D61FAB /* AFImageRequestOperation.m in Sources */,
				2B786A931C28431D00759334 /* AppDelegate.swift in Sources */,
				DF0B02C41C2FDDD900D61FAB /* AFJSONRequestOperation.m in Sources */,
				DFF4232E1C2C16D90013AC29 /* DoneTableViewCell.swift in Sources */,
				DF0B02AC1C2FDDBD00D61FAB /* SBJsonUTF8Stream.m in Sources */,
				DF7E2FD41C392DC90096513B /* ServerUtil.m in Sources */,
				DF0B02AB1C2FDDBD00D61FAB /* SBJsonTokeniser.m in Sources */,
				DF084A131C3810FC003F479B /* TeamSearchViewController.swift in Sources */,
				DF0B02D81C30600900D61FAB /* TaskData.swift in Sources */,
				DF0B02C81C2FDDD900D61FAB /* AFXMLRequestOperation.m in Sources */,
				DF0B02A71C2FDDBD00D61FAB /* SBJsonStreamParserState.m in Sources */,
				DF0B02D11C3051E900D61FAB /* TeamListViewController.swift in Sources */,
				DF0B02A61C2FDDBD00D61FAB /* SBJsonStreamParserAdapter.m in Sources */,
				DF0B02A21C2FDDBD00D61FAB /* NSObject+SBJson.m in Sources */,
				DFF4232C1C2C16CB0013AC29 /* DoingTableViewCell.swift in Sources */,
				DF0B02A81C2FDDBD00D61FAB /* SBJsonStreamWriter.m in Sources */,
				DF0B02D41C305A3400D61FAB /* ProjectData.swift in Sources */,
				DF0B02A41C2FDDBD00D61FAB /* SBJsonStreamParser.m in Sources */,
				DF0B02C51C2FDDD900D61FAB /* AFNetworkActivityIndicatorManager.m in Sources */,
			);
			runOnlyForDeploymentPostprocessing = 0;
		};
		2B786A9F1C28431D00759334 /* Sources */ = {
			isa = PBXSourcesBuildPhase;
			buildActionMask = 2147483647;
			files = (
				2B786AA81C28431D00759334 /* AgileTests.swift in Sources */,
			);
			runOnlyForDeploymentPostprocessing = 0;
		};
		2B786AAA1C28431D00759334 /* Sources */ = {
			isa = PBXSourcesBuildPhase;
			buildActionMask = 2147483647;
			files = (
				2B786AB31C28431D00759334 /* AgileUITests.swift in Sources */,
			);
			runOnlyForDeploymentPostprocessing = 0;
		};
/* End PBXSourcesBuildPhase section */

/* Begin PBXTargetDependency section */
		2B786AA51C28431D00759334 /* PBXTargetDependency */ = {
			isa = PBXTargetDependency;
			target = 2B786A8E1C28431D00759334 /* Agile */;
			targetProxy = 2B786AA41C28431D00759334 /* PBXContainerItemProxy */;
		};
		2B786AB01C28431D00759334 /* PBXTargetDependency */ = {
			isa = PBXTargetDependency;
			target = 2B786A8E1C28431D00759334 /* Agile */;
			targetProxy = 2B786AAF1C28431D00759334 /* PBXContainerItemProxy */;
		};
/* End PBXTargetDependency section */

/* Begin PBXVariantGroup section */
		2B786A961C28431D00759334 /* Main.storyboard */ = {
			isa = PBXVariantGroup;
			children = (
				2B786A971C28431D00759334 /* Base */,
			);
			name = Main.storyboard;
			sourceTree = "<group>";
		};
		2B786A9B1C28431D00759334 /* LaunchScreen.storyboard */ = {
			isa = PBXVariantGroup;
			children = (
				2B786A9C1C28431D00759334 /* Base */,
			);
			name = LaunchScreen.storyboard;
			sourceTree = "<group>";
		};
/* End PBXVariantGroup section */

/* Begin XCBuildConfiguration section */
		2B786AB51C28431D00759334 /* Debug */ = {
			isa = XCBuildConfiguration;
			buildSettings = {
				ALWAYS_SEARCH_USER_PATHS = NO;
				CLANG_CXX_LANGUAGE_STANDARD = "gnu++0x";
				CLANG_CXX_LIBRARY = "libc++";
				CLANG_ENABLE_MODULES = YES;
				CLANG_ENABLE_OBJC_ARC = YES;
				CLANG_WARN_BOOL_CONVERSION = YES;
				CLANG_WARN_CONSTANT_CONVERSION = YES;
				CLANG_WARN_DIRECT_OBJC_ISA_USAGE = YES_ERROR;
				CLANG_WARN_EMPTY_BODY = YES;
				CLANG_WARN_ENUM_CONVERSION = YES;
				CLANG_WARN_INT_CONVERSION = YES;
				CLANG_WARN_OBJC_ROOT_CLASS = YES_ERROR;
				CLANG_WARN_UNREACHABLE_CODE = YES;
				CLANG_WARN__DUPLICATE_METHOD_MATCH = YES;
				"CODE_SIGN_IDENTITY[sdk=iphoneos*]" = "iPhone Developer";
				COPY_PHASE_STRIP = NO;
				DEBUG_INFORMATION_FORMAT = dwarf;
				ENABLE_STRICT_OBJC_MSGSEND = YES;
				ENABLE_TESTABILITY = YES;
				GCC_C_LANGUAGE_STANDARD = gnu99;
				GCC_DYNAMIC_NO_PIC = NO;
				GCC_NO_COMMON_BLOCKS = YES;
				GCC_OPTIMIZATION_LEVEL = 0;
				GCC_PREPROCESSOR_DEFINITIONS = (
					"DEBUG=1",
					"$(inherited)",
				);
				GCC_WARN_64_TO_32_BIT_CONVERSION = YES;
				GCC_WARN_ABOUT_RETURN_TYPE = YES_ERROR;
				GCC_WARN_UNDECLARED_SELECTOR = YES;
				GCC_WARN_UNINITIALIZED_AUTOS = YES_AGGRESSIVE;
				GCC_WARN_UNUSED_FUNCTION = YES;
				GCC_WARN_UNUSED_VARIABLE = YES;
				IPHONEOS_DEPLOYMENT_TARGET = 9.1;
				MTL_ENABLE_DEBUG_INFO = YES;
				ONLY_ACTIVE_ARCH = YES;
				SDKROOT = iphoneos;
				SWIFT_OPTIMIZATION_LEVEL = "-Onone";
			};
			name = Debug;
		};
		2B786AB61C28431D00759334 /* Release */ = {
			isa = XCBuildConfiguration;
			buildSettings = {
				ALWAYS_SEARCH_USER_PATHS = NO;
				CLANG_CXX_LANGUAGE_STANDARD = "gnu++0x";
				CLANG_CXX_LIBRARY = "libc++";
				CLANG_ENABLE_MODULES = YES;
				CLANG_ENABLE_OBJC_ARC = YES;
				CLANG_WARN_BOOL_CONVERSION = YES;
				CLANG_WARN_CONSTANT_CONVERSION = YES;
				CLANG_WARN_DIRECT_OBJC_ISA_USAGE = YES_ERROR;
				CLANG_WARN_EMPTY_BODY = YES;
				CLANG_WARN_ENUM_CONVERSION = YES;
				CLANG_WARN_INT_CONVERSION = YES;
				CLANG_WARN_OBJC_ROOT_CLASS = YES_ERROR;
				CLANG_WARN_UNREACHABLE_CODE = YES;
				CLANG_WARN__DUPLICATE_METHOD_MATCH = YES;
				"CODE_SIGN_IDENTITY[sdk=iphoneos*]" = "iPhone Developer";
				COPY_PHASE_STRIP = NO;
				DEBUG_INFORMATION_FORMAT = "dwarf-with-dsym";
				ENABLE_NS_ASSERTIONS = NO;
				ENABLE_STRICT_OBJC_MSGSEND = YES;
				GCC_C_LANGUAGE_STANDARD = gnu99;
				GCC_NO_COMMON_BLOCKS = YES;
				GCC_WARN_64_TO_32_BIT_CONVERSION = YES;
				GCC_WARN_ABOUT_RETURN_TYPE = YES_ERROR;
				GCC_WARN_UNDECLARED_SELECTOR = YES;
				GCC_WARN_UNINITIALIZED_AUTOS = YES_AGGRESSIVE;
				GCC_WARN_UNUSED_FUNCTION = YES;
				GCC_WARN_UNUSED_VARIABLE = YES;
				IPHONEOS_DEPLOYMENT_TARGET = 9.1;
				MTL_ENABLE_DEBUG_INFO = NO;
				SDKROOT = iphoneos;
				VALIDATE_PRODUCT = YES;
			};
			name = Release;
		};
		2B786AB81C28431D00759334 /* Debug */ = {
			isa = XCBuildConfiguration;
			buildSettings = {
				ASSETCATALOG_COMPILER_APPICON_NAME = AppIcon;
				CLANG_ENABLE_MODULES = YES;
				FRAMEWORK_SEARCH_PATHS = (
					"$(inherited)",
					"$(PROJECT_DIR)/Agile",
				);
				INFOPLIST_FILE = Agile/Info.plist;
				IPHONEOS_DEPLOYMENT_TARGET = 8.0;
				LD_RUNPATH_SEARCH_PATHS = "$(inherited) @executable_path/Frameworks";
				PRODUCT_BUNDLE_IDENTIFIER = kr.co.KJStudio.Agile;
				PRODUCT_NAME = "$(TARGET_NAME)";
				SWIFT_OBJC_BRIDGING_HEADER = "Agile/Agile-Bridging-Header.h";
				SWIFT_OPTIMIZATION_LEVEL = "-Onone";
			};
			name = Debug;
		};
		2B786AB91C28431D00759334 /* Release */ = {
			isa = XCBuildConfiguration;
			buildSettings = {
				ASSETCATALOG_COMPILER_APPICON_NAME = AppIcon;
				CLANG_ENABLE_MODULES = YES;
				FRAMEWORK_SEARCH_PATHS = (
					"$(inherited)",
					"$(PROJECT_DIR)/Agile",
				);
				INFOPLIST_FILE = Agile/Info.plist;
				IPHONEOS_DEPLOYMENT_TARGET = 8.0;
				LD_RUNPATH_SEARCH_PATHS = "$(inherited) @executable_path/Frameworks";
				PRODUCT_BUNDLE_IDENTIFIER = kr.co.KJStudio.Agile;
				PRODUCT_NAME = "$(TARGET_NAME)";
				SWIFT_OBJC_BRIDGING_HEADER = "Agile/Agile-Bridging-Header.h";
			};
			name = Release;
		};
		2B786ABB1C28431D00759334 /* Debug */ = {
			isa = XCBuildConfiguration;
			buildSettings = {
				BUNDLE_LOADER = "$(TEST_HOST)";
				INFOPLIST_FILE = AgileTests/Info.plist;
				LD_RUNPATH_SEARCH_PATHS = "$(inherited) @executable_path/Frameworks @loader_path/Frameworks";
				PRODUCT_BUNDLE_IDENTIFIER = kr.co.KJStudio.AgileTests;
				PRODUCT_NAME = "$(TARGET_NAME)";
				TEST_HOST = "$(BUILT_PRODUCTS_DIR)/Agile.app/Agile";
			};
			name = Debug;
		};
		2B786ABC1C28431D00759334 /* Release */ = {
			isa = XCBuildConfiguration;
			buildSettings = {
				BUNDLE_LOADER = "$(TEST_HOST)";
				INFOPLIST_FILE = AgileTests/Info.plist;
				LD_RUNPATH_SEARCH_PATHS = "$(inherited) @executable_path/Frameworks @loader_path/Frameworks";
				PRODUCT_BUNDLE_IDENTIFIER = kr.co.KJStudio.AgileTests;
				PRODUCT_NAME = "$(TARGET_NAME)";
				TEST_HOST = "$(BUILT_PRODUCTS_DIR)/Agile.app/Agile";
			};
			name = Release;
		};
		2B786ABE1C28431D00759334 /* Debug */ = {
			isa = XCBuildConfiguration;
			buildSettings = {
				INFOPLIST_FILE = AgileUITests/Info.plist;
				LD_RUNPATH_SEARCH_PATHS = "$(inherited) @executable_path/Frameworks @loader_path/Frameworks";
				PRODUCT_BUNDLE_IDENTIFIER = kr.co.KJStudio.AgileUITests;
				PRODUCT_NAME = "$(TARGET_NAME)";
				TEST_TARGET_NAME = Agile;
				USES_XCTRUNNER = YES;
			};
			name = Debug;
		};
		2B786ABF1C28431D00759334 /* Release */ = {
			isa = XCBuildConfiguration;
			buildSettings = {
				INFOPLIST_FILE = AgileUITests/Info.plist;
				LD_RUNPATH_SEARCH_PATHS = "$(inherited) @executable_path/Frameworks @loader_path/Frameworks";
				PRODUCT_BUNDLE_IDENTIFIER = kr.co.KJStudio.AgileUITests;
				PRODUCT_NAME = "$(TARGET_NAME)";
				TEST_TARGET_NAME = Agile;
				USES_XCTRUNNER = YES;
			};
			name = Release;
		};
/* End XCBuildConfiguration section */

/* Begin XCConfigurationList section */
		2B786A8A1C28431C00759334 /* Build configuration list for PBXProject "Agile" */ = {
			isa = XCConfigurationList;
			buildConfigurations = (
				2B786AB51C28431D00759334 /* Debug */,
				2B786AB61C28431D00759334 /* Release */,
			);
			defaultConfigurationIsVisible = 0;
			defaultConfigurationName = Release;
		};
		2B786AB71C28431D00759334 /* Build configuration list for PBXNativeTarget "Agile" */ = {
			isa = XCConfigurationList;
			buildConfigurations = (
				2B786AB81C28431D00759334 /* Debug */,
				2B786AB91C28431D00759334 /* Release */,
			);
			defaultConfigurationIsVisible = 0;
			defaultConfigurationName = Release;
		};
		2B786ABA1C28431D00759334 /* Build configuration list for PBXNativeTarget "AgileTests" */ = {
			isa = XCConfigurationList;
			buildConfigurations = (
				2B786ABB1C28431D00759334 /* Debug */,
				2B786ABC1C28431D00759334 /* Release */,
			);
			defaultConfigurationIsVisible = 0;
			defaultConfigurationName = Release;
		};
		2B786ABD1C28431D00759334 /* Build configuration list for PBXNativeTarget "AgileUITests" */ = {
			isa = XCConfigurationList;
			buildConfigurations = (
				2B786ABE1C28431D00759334 /* Debug */,
				2B786ABF1C28431D00759334 /* Release */,
			);
			defaultConfigurationIsVisible = 0;
			defaultConfigurationName = Release;
		};
/* End XCConfigurationList section */
	};
	rootObject = 2B786A871C28431C00759334 /* Project object */;
}
